
Microsoft Visual Studio Solution File, Format Version 12.00
# Visual Studio Version 17
VisualStudioVersion = 17.13.35919.96
MinimumVisualStudioVersion = 10.0.40219.1
Project("{FAE04EC0-301F-11D3-BF4B-00C04F79EFBC}") = "IdentityChatEmail", "IdentityChatEmail\IdentityChatEmail.csproj", "{F329C7C5-2E5C-4926-82FD-DE03457FCEDB}"
EndProject
Global
	GlobalSection(SolutionConfigurationPlatforms) = preSolution
		Debug|Any CPU = Debug|Any CPU
		Release|Any CPU = Release|Any CPU
	EndGlobalSection
	GlobalSection(ProjectConfigurationPlatforms) = postSolution
		{F329C7C5-2E5C-4926-82FD-DE03457FCEDB}.Debug|Any CPU.ActiveCfg = Debug|Any CPU
		{F329C7C5-2E5C-4926-82FD-DE03457FCEDB}.Debug|Any CPU.Build.0 = Debug|Any CPU
		{F329C7C5-2E5C-4926-82FD-DE03457FCEDB}.Release|Any CPU.ActiveCfg = Release|Any CPU
		{F329C7C5-2E5C-4926-82FD-DE03457FCEDB}.Release|Any CPU.Build.0 = Release|Any CPU
	EndGlobalSection
	GlobalSection(SolutionProperties) = preSolution
		HideSolutionNode = FALSE
	EndGlobalSection
	GlobalSection(ExtensibilityGlobals) = postSolution
		SolutionGuid = {F9FA8EE1-457B-45EC-AB22-C5E51CF7A381}
	EndGlobalSection
EndGlobal
